<?xml version="1.0" encoding="utf-8"?>
<Project ToolsVersion="4.0" xmlns="http://schemas.microsoft.com/developer/msbuild/2003">
  <ItemGroup>
    <ClInclude Include="Field.h">
      <Filter>Primitives</Filter>
    </ClInclude>
    <ClInclude Include="FieldType.h">
      <Filter>Primitives</Filter>
    </ClInclude>
    <ClInclude Include="Object.h">
      <Filter>Primitives</Filter>
    </ClInclude>
    <ClInclude Include="Type.h">
      <Filter>Primitives</Filter>
    </ClInclude>
    <ClInclude Include="IDBRecord.h">
      <Filter>Contracts</Filter>
    </ClInclude>
    <ClInclude Include="shortcuts.h">
      <Filter>Utilities</Filter>
    </ClInclude>
    <ClInclude Include="Utilities.h">
      <Filter>Utilities</Filter>
    </ClInclude>
    <ClInclude Include="guid.h">
      <Filter>Primitives</Filter>
    </ClInclude>
    <ClInclude Include="FileWriter.h">
      <Filter>Binary</Filter>
    </ClInclude>
    <ClInclude Include="core.h">
      <Filter>Binary</Filter>
    </ClInclude>
    <ClInclude Include="IDBType.h">
      <Filter>Contracts</Filter>
    </ClInclude>
    <ClInclude Include="RecordType.h">
      <Filter>Primitives</Filter>
    </ClInclude>
    <ClInclude Include="ConfigEntry.h">
      <Filter>Primitives</Filter>
    </ClInclude>
    <ClInclude Include="ConfigKeys.h">
      <Filter>Constants</Filter>
    </ClInclude>
    <ClInclude Include="Pointer.h">
      <Filter>Primitives</Filter>
    </ClInclude>
    <ClInclude Include="PointerFormat.h">
      <Filter>Primitives</Filter>
    </ClInclude>
    <ClInclude Include="IDBPointer.h">
      <Filter>Contracts</Filter>
    </ClInclude>
    <ClInclude Include="ConfigSettings.h">
      <Filter>Primitives</Filter>
    </ClInclude>
    <ClInclude Include="BlockDefinition.h">
      <Filter>Primitives</Filter>
    </ClInclude>
    <ClInclude Include="PartitionDefinition.h">
      <Filter>Primitives</Filter>
    </ClInclude>
  </ItemGroup>
  <ItemGroup>
    <ClCompile Include="Field.cpp">
      <Filter>Primitives</Filter>
    </ClCompile>
    <ClCompile Include="Type.cpp">
      <Filter>Primitives</Filter>
    </ClCompile>
    <ClCompile Include="Object.cpp">
      <Filter>Primitives</Filter>
    </ClCompile>
    <ClCompile Include="entry.cpp" />
    <ClCompile Include="Utilities.cpp">
      <Filter>Utilities</Filter>
    </ClCompile>
    <ClCompile Include="Guid.cpp">
      <Filter>Primitives</Filter>
    </ClCompile>
    <ClCompile Include="FileWriter.cpp">
      <Filter>Binary</Filter>
    </ClCompile>
    <ClCompile Include="Core.cpp">
      <Filter>Binary</Filter>
    </ClCompile>
    <ClCompile Include="ConfigEntry.cpp">
      <Filter>Primitives</Filter>
    </ClCompile>
    <ClCompile Include="Pointer.cpp">
      <Filter>Primitives</Filter>
    </ClCompile>
    <ClCompile Include="PartitionDefinition.cpp">
      <Filter>Primitives</Filter>
    </ClCompile>
    <ClCompile Include="BlockDefinition.cpp">
      <Filter>Primitives</Filter>
    </ClCompile>
  </ItemGroup>
  <ItemGroup>
    <Filter Include="Primitives">
      <UniqueIdentifier>{2f0d90e8-f45f-4a2c-86c7-e5ab4a97e644}</UniqueIdentifier>
    </Filter>
    <Filter Include="Contracts">
      <UniqueIdentifier>{5d0e83ac-da47-47c3-a71c-dfd060d14c4f}</UniqueIdentifier>
    </Filter>
    <Filter Include="Utilities">
      <UniqueIdentifier>{cc5efb67-1735-4197-a574-e14849990e19}</UniqueIdentifier>
    </Filter>
    <Filter Include="Binary">
      <UniqueIdentifier>{40e03715-2bb8-4984-84ea-45066d19ad88}</UniqueIdentifier>
    </Filter>
    <Filter Include="Constants">
      <UniqueIdentifier>{c3cdebce-ceef-4cb8-95ea-01cb2493d0b3}</UniqueIdentifier>
    </Filter>
  </ItemGroup>
  <ItemGroup>
    <Text Include="WorkTODO.txt" />
  </ItemGroup>
</Project>